
Microsoft Visual Studio Solution File, Format Version 12.00
# Visual Studio 2013
VisualStudioVersion = 12.0.31101.0
MinimumVisualStudioVersion = 10.0.40219.1
Project("{FAE04EC0-301F-11D3-BF4B-00C04F79EFBC}") = "GossipSharp.Console", "GossipSharp.Console\GossipSharp.Console.csproj", "{9D35940D-7107-4DA6-B654-D8650641CB45}"
EndProject
Project("{FAE04EC0-301F-11D3-BF4B-00C04F79EFBC}") = "GossipSharp", "GossipSharp\GossipSharp.csproj", "{C5BC4F42-3B3C-4C03-8FC5-FC10E63BAB9E}"
EndProject
Project("{FAE04EC0-301F-11D3-BF4B-00C04F79EFBC}") = "GossipSharp.Tests", "GossipSharp.Tests\GossipSharp.Tests.csproj", "{6BB1BAA2-F50F-45D5-9947-2D960E907BCB}"
EndProject
Project("{FAE04EC0-301F-11D3-BF4B-00C04F79EFBC}") = "Gossiper", "Gossiper\Gossiper.csproj", "{F603F1DD-5F29-4FDE-89D8-456384560AC0}"
EndProject
Global
	GlobalSection(SolutionConfigurationPlatforms) = preSolution
		Debug|Any CPU = Debug|Any CPU
		Release|Any CPU = Release|Any CPU
	EndGlobalSection
	GlobalSection(ProjectConfigurationPlatforms) = postSolution
		{9D35940D-7107-4DA6-B654-D8650641CB45}.Debug|Any CPU.ActiveCfg = Debug|Any CPU
		{9D35940D-7107-4DA6-B654-D8650641CB45}.Debug|Any CPU.Build.0 = Debug|Any CPU
		{9D35940D-7107-4DA6-B654-D8650641CB45}.Release|Any CPU.ActiveCfg = Release|Any CPU
		{9D35940D-7107-4DA6-B654-D8650641CB45}.Release|Any CPU.Build.0 = Release|Any CPU
		{C5BC4F42-3B3C-4C03-8FC5-FC10E63BAB9E}.Debug|Any CPU.ActiveCfg = Debug|Any CPU
		{C5BC4F42-3B3C-4C03-8FC5-FC10E63BAB9E}.Debug|Any CPU.Build.0 = Debug|Any CPU
		{C5BC4F42-3B3C-4C03-8FC5-FC10E63BAB9E}.Release|Any CPU.ActiveCfg = Release|Any CPU
		{C5BC4F42-3B3C-4C03-8FC5-FC10E63BAB9E}.Release|Any CPU.Build.0 = Release|Any CPU
		{6BB1BAA2-F50F-45D5-9947-2D960E907BCB}.Debug|Any CPU.ActiveCfg = Debug|Any CPU
		{6BB1BAA2-F50F-45D5-9947-2D960E907BCB}.Debug|Any CPU.Build.0 = Debug|Any CPU
		{6BB1BAA2-F50F-45D5-9947-2D960E907BCB}.Release|Any CPU.ActiveCfg = Release|Any CPU
		{6BB1BAA2-F50F-45D5-9947-2D960E907BCB}.Release|Any CPU.Build.0 = Release|Any CPU
		{F603F1DD-5F29-4FDE-89D8-456384560AC0}.Debug|Any CPU.ActiveCfg = Debug|Any CPU
		{F603F1DD-5F29-4FDE-89D8-456384560AC0}.Debug|Any CPU.Build.0 = Debug|Any CPU
		{F603F1DD-5F29-4FDE-89D8-456384560AC0}.Release|Any CPU.ActiveCfg = Release|Any CPU
		{F603F1DD-5F29-4FDE-89D8-456384560AC0}.Release|Any CPU.Build.0 = Release|Any CPU
	EndGlobalSection
	GlobalSection(SolutionProperties) = preSolution
		HideSolutionNode = FALSE
	EndGlobalSection
EndGlobal
